
Microsoft Visual Studio Solution File, Format Version 12.00
# Visual Studio Version 17
VisualStudioVersion = 17.7.34018.315
MinimumVisualStudioVersion = 10.0.40219.1
Project("{FAE04EC0-301F-11D3-BF4B-00C04F79EFBC}") = "AcmeCorpApi", "AcmeCorpApi\AcmeCorpApi.csproj", "{8B28DB8C-DD3D-47F8-89A9-A3155264FDFF}"
EndProject
Project("{FAE04EC0-301F-11D3-BF4B-00C04F79EFBC}") = "AcmeCorpBusiness", "AcmeCorpBusiness\AcmeCorpBusiness.csproj", "{D4AB552F-D645-4F40-BCDF-0244A59C7081}"
EndProject
Project("{FAE04EC0-301F-11D3-BF4B-00C04F79EFBC}") = "AcmeCorpBusinessTest", "AcmeCorpBusinessTest\AcmeCorpBusinessTest.csproj", "{99089D5F-A39D-4A6F-A3D8-05815CC83E31}"
EndProject
Global
	GlobalSection(SolutionConfigurationPlatforms) = preSolution
		Debug|Any CPU = Debug|Any CPU
		Release|Any CPU = Release|Any CPU
	EndGlobalSection
	GlobalSection(ProjectConfigurationPlatforms) = postSolution
		{8B28DB8C-DD3D-47F8-89A9-A3155264FDFF}.Debug|Any CPU.ActiveCfg = Debug|Any CPU
		{8B28DB8C-DD3D-47F8-89A9-A3155264FDFF}.Debug|Any CPU.Build.0 = Debug|Any CPU
		{8B28DB8C-DD3D-47F8-89A9-A3155264FDFF}.Release|Any CPU.ActiveCfg = Release|Any CPU
		{8B28DB8C-DD3D-47F8-89A9-A3155264FDFF}.Release|Any CPU.Build.0 = Release|Any CPU
		{D4AB552F-D645-4F40-BCDF-0244A59C7081}.Debug|Any CPU.ActiveCfg = Debug|Any CPU
		{D4AB552F-D645-4F40-BCDF-0244A59C7081}.Debug|Any CPU.Build.0 = Debug|Any CPU
		{D4AB552F-D645-4F40-BCDF-0244A59C7081}.Release|Any CPU.ActiveCfg = Release|Any CPU
		{D4AB552F-D645-4F40-BCDF-0244A59C7081}.Release|Any CPU.Build.0 = Release|Any CPU
		{99089D5F-A39D-4A6F-A3D8-05815CC83E31}.Debug|Any CPU.ActiveCfg = Debug|Any CPU
		{99089D5F-A39D-4A6F-A3D8-05815CC83E31}.Debug|Any CPU.Build.0 = Debug|Any CPU
		{99089D5F-A39D-4A6F-A3D8-05815CC83E31}.Release|Any CPU.ActiveCfg = Release|Any CPU
		{99089D5F-A39D-4A6F-A3D8-05815CC83E31}.Release|Any CPU.Build.0 = Release|Any CPU
	EndGlobalSection
	GlobalSection(SolutionProperties) = preSolution
		HideSolutionNode = FALSE
	EndGlobalSection
	GlobalSection(ExtensibilityGlobals) = postSolution
		SolutionGuid = {5A4F934F-71F4-46C2-BE1D-D527C56A79B2}
	EndGlobalSection
EndGlobal
